// !$*UTF8*$!
{
	archiveVersion = 1;
	classes = {
	};
	objectVersion = 56;
	objects = {

/* Begin PBXBuildFile section */
		8603637B2AF62A3700FC5480 /* NewReviewViewModel.swift in Sources */ = {isa = PBXBuildFile; fileRef = 8603637A2AF62A3700FC5480 /* NewReviewViewModel.swift */; };
		8628CB972C1CA096002148FD /* SearchBar.swift in Sources */ = {isa = PBXBuildFile; fileRef = 8628CB962C1CA096002148FD /* SearchBar.swift */; };
		864488E22BF51C6500599951 /* BookCover.swift in Sources */ = {isa = PBXBuildFile; fileRef = 864488E12BF51C6500599951 /* BookCover.swift */; };
		864A39B12AC9664E00F5EDFD /* NewReviewView.swift in Sources */ = {isa = PBXBuildFile; fileRef = 864A39B02AC9664E00F5EDFD /* NewReviewView.swift */; };
		866B0C742AB7469400F28C46 /* DadokDadokApp.swift in Sources */ = {isa = PBXBuildFile; fileRef = 866B0C732AB7469400F28C46 /* DadokDadokApp.swift */; };
		866B0C782AB7469500F28C46 /* Assets.xcassets in Resources */ = {isa = PBXBuildFile; fileRef = 866B0C772AB7469500F28C46 /* Assets.xcassets */; };
		866B0C7B2AB7469500F28C46 /* Preview Assets.xcassets in Resources */ = {isa = PBXBuildFile; fileRef = 866B0C7A2AB7469500F28C46 /* Preview Assets.xcassets */; };
		866B0C822AB7470900F28C46 /* LibraryView.swift in Sources */ = {isa = PBXBuildFile; fileRef = 866B0C812AB7470900F28C46 /* LibraryView.swift */; };
		866B0C862AB7484800F28C46 /* BookReview.swift in Sources */ = {isa = PBXBuildFile; fileRef = 866B0C852AB7484800F28C46 /* BookReview.swift */; };
		866B0C8A2AB75DD700F28C46 /* BookCard.swift in Sources */ = {isa = PBXBuildFile; fileRef = 866B0C892AB75DD700F28C46 /* BookCard.swift */; };
		86829F782B5A4ED400FF2160 /* Colors.swift in Sources */ = {isa = PBXBuildFile; fileRef = 86829F772B5A4ED400FF2160 /* Colors.swift */; };
		86883D752B09F35200905882 /* LibraryViewModel.swift in Sources */ = {isa = PBXBuildFile; fileRef = 86883D742B09F35200905882 /* LibraryViewModel.swift */; };
		86883D772B0A424200905882 /* LibraryDetailView.swift in Sources */ = {isa = PBXBuildFile; fileRef = 86883D762B0A424200905882 /* LibraryDetailView.swift */; };
		86883D792B0A447000905882 /* LibraryDetailViewModel.swift in Sources */ = {isa = PBXBuildFile; fileRef = 86883D782B0A447000905882 /* LibraryDetailViewModel.swift */; };
		868E47BF2BFA08D6003C84B3 /* WishlistView.swift in Sources */ = {isa = PBXBuildFile; fileRef = 868E47BE2BFA08D6003C84B3 /* WishlistView.swift */; };
		868E47C22BFB183A003C84B3 /* WishlistViewModel.swift in Sources */ = {isa = PBXBuildFile; fileRef = 868E47C12BFB183A003C84B3 /* WishlistViewModel.swift */; };
		868E47C42BFBA4C2003C84B3 /* MainTabView.swift in Sources */ = {isa = PBXBuildFile; fileRef = 868E47C32BFBA4C2003C84B3 /* MainTabView.swift */; };
		869350AD2B049BA00021A098 /* Storage.swift in Sources */ = {isa = PBXBuildFile; fileRef = 869350AC2B049BA00021A098 /* Storage.swift */; };
		869350B42B049FBE0021A098 /* BookReviewViewModel.swift in Sources */ = {isa = PBXBuildFile; fileRef = 869350B32B049FBE0021A098 /* BookReviewViewModel.swift */; };
		869374192AF1EA29005684FF /* BookSearchView.swift in Sources */ = {isa = PBXBuildFile; fileRef = 869374182AF1EA29005684FF /* BookSearchView.swift */; };
		869374212AF29F7C005684FF /* Book.swift in Sources */ = {isa = PBXBuildFile; fileRef = 869374202AF29F7C005684FF /* Book.swift */; };
		869374252AF29FE7005684FF /* HTTPMethod.swift in Sources */ = {isa = PBXBuildFile; fileRef = 869374242AF29FE7005684FF /* HTTPMethod.swift */; };
		869374282AF2A057005684FF /* Alamofire in Frameworks */ = {isa = PBXBuildFile; productRef = 869374272AF2A057005684FF /* Alamofire */; };
		8693742A2AF2A072005684FF /* RequestAPI.swift in Sources */ = {isa = PBXBuildFile; fileRef = 869374292AF2A072005684FF /* RequestAPI.swift */; };
		8693742C2AF37EC9005684FF /* BookSearchRowView.swift in Sources */ = {isa = PBXBuildFile; fileRef = 8693742B2AF37EC9005684FF /* BookSearchRowView.swift */; };
		86A0D8DD2AB8200100042B5F /* BookReviewView.swift in Sources */ = {isa = PBXBuildFile; fileRef = 86A0D8DC2AB8200100042B5F /* BookReviewView.swift */; };
		86A5A4B92C0352F100E44BA0 /* DIContainer.swift in Sources */ = {isa = PBXBuildFile; fileRef = 86A5A4B82C0352F100E44BA0 /* DIContainer.swift */; };
		86A5A4BB2C03536300E44BA0 /* Services.swift in Sources */ = {isa = PBXBuildFile; fileRef = 86A5A4BA2C03536200E44BA0 /* Services.swift */; };
		86A5A4BD2C0353C000E44BA0 /* ReviewStorageService.swift in Sources */ = {isa = PBXBuildFile; fileRef = 86A5A4BC2C0353C000E44BA0 /* ReviewStorageService.swift */; };
		86A5A4BF2C03544000E44BA0 /* WishStorageService.swift in Sources */ = {isa = PBXBuildFile; fileRef = 86A5A4BE2C03544000E44BA0 /* WishStorageService.swift */; };
		86A5A4D92C03A35B00E44BA0 /* ViewPicker.swift in Sources */ = {isa = PBXBuildFile; fileRef = 86A5A4D82C03A35B00E44BA0 /* ViewPicker.swift */; };
		86B46F2B2B2F33B600C96FD3 /* Hide.swift in Sources */ = {isa = PBXBuildFile; fileRef = 86B46F2A2B2F33B600C96FD3 /* Hide.swift */; };
		86BE32F52B8F1C7900066316 /* NewWishViewModel.swift in Sources */ = {isa = PBXBuildFile; fileRef = 86BE32F42B8F1C7900066316 /* NewWishViewModel.swift */; };
		86EFFD8C2B413BA900FAB5FB /* Wish.swift in Sources */ = {isa = PBXBuildFile; fileRef = 86EFFD8B2B413BA900FAB5FB /* Wish.swift */; };
		86EFFD8E2B413F5E00FAB5FB /* WishCard.swift in Sources */ = {isa = PBXBuildFile; fileRef = 86EFFD8D2B413F5E00FAB5FB /* WishCard.swift */; };
		86EFFD942B4150BB00FAB5FB /* NewWishView.swift in Sources */ = {isa = PBXBuildFile; fileRef = 86EFFD932B4150BB00FAB5FB /* NewWishView.swift */; };
/* End PBXBuildFile section */

/* Begin PBXFileReference section */
		8603637A2AF62A3700FC5480 /* NewReviewViewModel.swift */ = {isa = PBXFileReference; lastKnownFileType = sourcecode.swift; path = NewReviewViewModel.swift; sourceTree = "<group>"; };
		8628CB962C1CA096002148FD /* SearchBar.swift */ = {isa = PBXFileReference; lastKnownFileType = sourcecode.swift; path = SearchBar.swift; sourceTree = "<group>"; };
		864488E12BF51C6500599951 /* BookCover.swift */ = {isa = PBXFileReference; lastKnownFileType = sourcecode.swift; path = BookCover.swift; sourceTree = "<group>"; };
		864A39B02AC9664E00F5EDFD /* NewReviewView.swift */ = {isa = PBXFileReference; lastKnownFileType = sourcecode.swift; path = NewReviewView.swift; sourceTree = "<group>"; };
		866B0C702AB7469400F28C46 /* DadokDadok.app */ = {isa = PBXFileReference; explicitFileType = wrapper.application; includeInIndex = 0; path = DadokDadok.app; sourceTree = BUILT_PRODUCTS_DIR; };
		866B0C732AB7469400F28C46 /* DadokDadokApp.swift */ = {isa = PBXFileReference; lastKnownFileType = sourcecode.swift; path = DadokDadokApp.swift; sourceTree = "<group>"; };
		866B0C772AB7469500F28C46 /* Assets.xcassets */ = {isa = PBXFileReference; lastKnownFileType = folder.assetcatalog; path = Assets.xcassets; sourceTree = "<group>"; };
		866B0C7A2AB7469500F28C46 /* Preview Assets.xcassets */ = {isa = PBXFileReference; lastKnownFileType = folder.assetcatalog; path = "Preview Assets.xcassets"; sourceTree = "<group>"; };
		866B0C812AB7470900F28C46 /* LibraryView.swift */ = {isa = PBXFileReference; lastKnownFileType = sourcecode.swift; path = LibraryView.swift; sourceTree = "<group>"; };
		866B0C852AB7484800F28C46 /* BookReview.swift */ = {isa = PBXFileReference; lastKnownFileType = sourcecode.swift; path = BookReview.swift; sourceTree = "<group>"; };
		866B0C892AB75DD700F28C46 /* BookCard.swift */ = {isa = PBXFileReference; lastKnownFileType = sourcecode.swift; path = BookCard.swift; sourceTree = "<group>"; };
		86829F772B5A4ED400FF2160 /* Colors.swift */ = {isa = PBXFileReference; lastKnownFileType = sourcecode.swift; path = Colors.swift; sourceTree = "<group>"; };
		86883D742B09F35200905882 /* LibraryViewModel.swift */ = {isa = PBXFileReference; lastKnownFileType = sourcecode.swift; path = LibraryViewModel.swift; sourceTree = "<group>"; };
		86883D762B0A424200905882 /* LibraryDetailView.swift */ = {isa = PBXFileReference; lastKnownFileType = sourcecode.swift; path = LibraryDetailView.swift; sourceTree = "<group>"; };
		86883D782B0A447000905882 /* LibraryDetailViewModel.swift */ = {isa = PBXFileReference; lastKnownFileType = sourcecode.swift; path = LibraryDetailViewModel.swift; sourceTree = "<group>"; };
		868E47BE2BFA08D6003C84B3 /* WishlistView.swift */ = {isa = PBXFileReference; lastKnownFileType = sourcecode.swift; path = WishlistView.swift; sourceTree = "<group>"; };
		868E47C12BFB183A003C84B3 /* WishlistViewModel.swift */ = {isa = PBXFileReference; lastKnownFileType = sourcecode.swift; path = WishlistViewModel.swift; sourceTree = "<group>"; };
		868E47C32BFBA4C2003C84B3 /* MainTabView.swift */ = {isa = PBXFileReference; lastKnownFileType = sourcecode.swift; path = MainTabView.swift; sourceTree = "<group>"; };
		869350AC2B049BA00021A098 /* Storage.swift */ = {isa = PBXFileReference; lastKnownFileType = sourcecode.swift; path = Storage.swift; sourceTree = "<group>"; };
		869350B32B049FBE0021A098 /* BookReviewViewModel.swift */ = {isa = PBXFileReference; lastKnownFileType = sourcecode.swift; path = BookReviewViewModel.swift; sourceTree = "<group>"; };
		869374182AF1EA29005684FF /* BookSearchView.swift */ = {isa = PBXFileReference; lastKnownFileType = sourcecode.swift; path = BookSearchView.swift; sourceTree = "<group>"; };
		869374202AF29F7C005684FF /* Book.swift */ = {isa = PBXFileReference; lastKnownFileType = sourcecode.swift; path = Book.swift; sourceTree = "<group>"; };
		869374242AF29FE7005684FF /* HTTPMethod.swift */ = {isa = PBXFileReference; lastKnownFileType = sourcecode.swift; path = HTTPMethod.swift; sourceTree = "<group>"; };
		869374292AF2A072005684FF /* RequestAPI.swift */ = {isa = PBXFileReference; lastKnownFileType = sourcecode.swift; path = RequestAPI.swift; sourceTree = "<group>"; };
		8693742B2AF37EC9005684FF /* BookSearchRowView.swift */ = {isa = PBXFileReference; lastKnownFileType = sourcecode.swift; path = BookSearchRowView.swift; sourceTree = "<group>"; };
		86A0D8DC2AB8200100042B5F /* BookReviewView.swift */ = {isa = PBXFileReference; lastKnownFileType = sourcecode.swift; path = BookReviewView.swift; sourceTree = "<group>"; };
		86A5A4B82C0352F100E44BA0 /* DIContainer.swift */ = {isa = PBXFileReference; lastKnownFileType = sourcecode.swift; path = DIContainer.swift; sourceTree = "<group>"; };
		86A5A4BA2C03536200E44BA0 /* Services.swift */ = {isa = PBXFileReference; lastKnownFileType = sourcecode.swift; path = Services.swift; sourceTree = "<group>"; };
		86A5A4BC2C0353C000E44BA0 /* ReviewStorageService.swift */ = {isa = PBXFileReference; lastKnownFileType = sourcecode.swift; path = ReviewStorageService.swift; sourceTree = "<group>"; };
		86A5A4BE2C03544000E44BA0 /* WishStorageService.swift */ = {isa = PBXFileReference; lastKnownFileType = sourcecode.swift; path = WishStorageService.swift; sourceTree = "<group>"; };
		86A5A4D82C03A35B00E44BA0 /* ViewPicker.swift */ = {isa = PBXFileReference; lastKnownFileType = sourcecode.swift; path = ViewPicker.swift; sourceTree = "<group>"; };
		86B46F2A2B2F33B600C96FD3 /* Hide.swift */ = {isa = PBXFileReference; lastKnownFileType = sourcecode.swift; path = Hide.swift; sourceTree = "<group>"; };
		86BE32F42B8F1C7900066316 /* NewWishViewModel.swift */ = {isa = PBXFileReference; lastKnownFileType = sourcecode.swift; path = NewWishViewModel.swift; sourceTree = "<group>"; };
		86EFFD8B2B413BA900FAB5FB /* Wish.swift */ = {isa = PBXFileReference; lastKnownFileType = sourcecode.swift; path = Wish.swift; sourceTree = "<group>"; };
		86EFFD8D2B413F5E00FAB5FB /* WishCard.swift */ = {isa = PBXFileReference; lastKnownFileType = sourcecode.swift; path = WishCard.swift; sourceTree = "<group>"; };
		86EFFD932B4150BB00FAB5FB /* NewWishView.swift */ = {isa = PBXFileReference; lastKnownFileType = sourcecode.swift; path = NewWishView.swift; sourceTree = "<group>"; };
/* End PBXFileReference section */

/* Begin PBXFrameworksBuildPhase section */
		866B0C6D2AB7469400F28C46 /* Frameworks */ = {
			isa = PBXFrameworksBuildPhase;
			buildActionMask = 2147483647;
			files = (
				869374282AF2A057005684FF /* Alamofire in Frameworks */,
			);
			runOnlyForDeploymentPostprocessing = 0;
		};
/* End PBXFrameworksBuildPhase section */

/* Begin PBXGroup section */
		8603637C2AF6311100FC5480 /* Model */ = {
			isa = PBXGroup;
			children = (
				869374202AF29F7C005684FF /* Book.swift */,
				866B0C852AB7484800F28C46 /* BookReview.swift */,
				86EFFD8B2B413BA900FAB5FB /* Wish.swift */,
				86829F772B5A4ED400FF2160 /* Colors.swift */,
			);
			path = Model;
			sourceTree = "<group>";
		};
		8603637D2AF6321100FC5480 /* New Review */ = {
			isa = PBXGroup;
			children = (
				864A39B02AC9664E00F5EDFD /* NewReviewView.swift */,
				8603637A2AF62A3700FC5480 /* NewReviewViewModel.swift */,
			);
			path = "New Review";
			sourceTree = "<group>";
		};
		864488DE2BF518BD00599951 /* General */ = {
			isa = PBXGroup;
			children = (
				864488E12BF51C6500599951 /* BookCover.swift */,
				86A5A4B82C0352F100E44BA0 /* DIContainer.swift */,
				86A5A4D82C03A35B00E44BA0 /* ViewPicker.swift */,
				8628CB962C1CA096002148FD /* SearchBar.swift */,
				8693742D2AF37F86005684FF /* BookSearch */,
			);
			path = General;
			sourceTree = "<group>";
		};
		866B0C672AB7469400F28C46 = {
			isa = PBXGroup;
			children = (
				866B0C722AB7469400F28C46 /* DadokDadok */,
				866B0C712AB7469400F28C46 /* Products */,
			);
			sourceTree = "<group>";
		};
		866B0C712AB7469400F28C46 /* Products */ = {
			isa = PBXGroup;
			children = (
				866B0C702AB7469400F28C46 /* DadokDadok.app */,
			);
			name = Products;
			sourceTree = "<group>";
		};
		866B0C722AB7469400F28C46 /* DadokDadok */ = {
			isa = PBXGroup;
			children = (
				866B0C732AB7469400F28C46 /* DadokDadokApp.swift */,
				868E47C32BFBA4C2003C84B3 /* MainTabView.swift */,
				86A5A4C02C035A7E00E44BA0 /* Service */,
				868E47C02BFB181F003C84B3 /* Wish */,
				86D6AE9D2B0B4B9500D1E805 /* Library */,
				8603637C2AF6311100FC5480 /* Model */,
				864488DE2BF518BD00599951 /* General */,
				869350B02B049C270021A098 /* Storage */,
				866B0C772AB7469500F28C46 /* Assets.xcassets */,
				866B0C792AB7469500F28C46 /* Preview Content */,
			);
			path = DadokDadok;
			sourceTree = "<group>";
		};
		866B0C792AB7469500F28C46 /* Preview Content */ = {
			isa = PBXGroup;
			children = (
				866B0C7A2AB7469500F28C46 /* Preview Assets.xcassets */,
			);
			path = "Preview Content";
			sourceTree = "<group>";
		};
		868E47C02BFB181F003C84B3 /* Wish */ = {
			isa = PBXGroup;
			children = (
				868E47BE2BFA08D6003C84B3 /* WishlistView.swift */,
				868E47C12BFB183A003C84B3 /* WishlistViewModel.swift */,
				86EFFD8D2B413F5E00FAB5FB /* WishCard.swift */,
				86BE32F62B8F771300066316 /* New Wish */,
			);
			path = Wish;
			sourceTree = "<group>";
		};
		869350B02B049C270021A098 /* Storage */ = {
			isa = PBXGroup;
			children = (
				869350AC2B049BA00021A098 /* Storage.swift */,
			);
			path = Storage;
			sourceTree = "<group>";
		};
		8693742D2AF37F86005684FF /* BookSearch */ = {
			isa = PBXGroup;
			children = (
				869374182AF1EA29005684FF /* BookSearchView.swift */,
				8693742B2AF37EC9005684FF /* BookSearchRowView.swift */,
				869374292AF2A072005684FF /* RequestAPI.swift */,
				869374242AF29FE7005684FF /* HTTPMethod.swift */,
				86B46F2A2B2F33B600C96FD3 /* Hide.swift */,
			);
			path = BookSearch;
			sourceTree = "<group>";
		};
		86A5A4C02C035A7E00E44BA0 /* Service */ = {
			isa = PBXGroup;
			children = (
				86A5A4BA2C03536200E44BA0 /* Services.swift */,
				86A5A4BC2C0353C000E44BA0 /* ReviewStorageService.swift */,
				86A5A4BE2C03544000E44BA0 /* WishStorageService.swift */,
			);
			path = Service;
			sourceTree = "<group>";
		};
		86BE32F62B8F771300066316 /* New Wish */ = {
			isa = PBXGroup;
			children = (
				86EFFD932B4150BB00FAB5FB /* NewWishView.swift */,
				86BE32F42B8F1C7900066316 /* NewWishViewModel.swift */,
			);
			path = "New Wish";
			sourceTree = "<group>";
		};
		86D6AE9D2B0B4B9500D1E805 /* Library */ = {
			isa = PBXGroup;
			children = (
				866B0C812AB7470900F28C46 /* LibraryView.swift */,
				86883D742B09F35200905882 /* LibraryViewModel.swift */,
				866B0C892AB75DD700F28C46 /* BookCard.swift */,
				86883D762B0A424200905882 /* LibraryDetailView.swift */,
				86883D782B0A447000905882 /* LibraryDetailViewModel.swift */,
				86A0D8DC2AB8200100042B5F /* BookReviewView.swift */,
				869350B32B049FBE0021A098 /* BookReviewViewModel.swift */,
				8603637D2AF6321100FC5480 /* New Review */,
			);
			path = Library;
			sourceTree = "<group>";
		};
/* End PBXGroup section */

/* Begin PBXNativeTarget section */
		866B0C6F2AB7469400F28C46 /* DadokDadok */ = {
			isa = PBXNativeTarget;
			buildConfigurationList = 866B0C7E2AB7469500F28C46 /* Build configuration list for PBXNativeTarget "DadokDadok" */;
			buildPhases = (
				866B0C6C2AB7469400F28C46 /* Sources */,
				866B0C6D2AB7469400F28C46 /* Frameworks */,
				866B0C6E2AB7469400F28C46 /* Resources */,
			);
			buildRules = (
			);
			dependencies = (
			);
			name = DadokDadok;
			packageProductDependencies = (
				869374272AF2A057005684FF /* Alamofire */,
			);
			productName = DadokDadok;
			productReference = 866B0C702AB7469400F28C46 /* DadokDadok.app */;
			productType = "com.apple.product-type.application";
		};
/* End PBXNativeTarget section */

/* Begin PBXProject section */
		866B0C682AB7469400F28C46 /* Project object */ = {
			isa = PBXProject;
			attributes = {
				BuildIndependentTargetsInParallel = 1;
				LastSwiftUpdateCheck = 1430;
				LastUpgradeCheck = 1500;
				TargetAttributes = {
					866B0C6F2AB7469400F28C46 = {
						CreatedOnToolsVersion = 14.3.1;
					};
				};
			};
			buildConfigurationList = 866B0C6B2AB7469400F28C46 /* Build configuration list for PBXProject "DadokDadok" */;
			compatibilityVersion = "Xcode 14.0";
			developmentRegion = ko;
			hasScannedForEncodings = 0;
			knownRegions = (
				en,
				Base,
				ko,
			);
			mainGroup = 866B0C672AB7469400F28C46;
			packageReferences = (
				869374262AF2A057005684FF /* XCRemoteSwiftPackageReference "Alamofire" */,
			);
			productRefGroup = 866B0C712AB7469400F28C46 /* Products */;
			projectDirPath = "";
			projectRoot = "";
			targets = (
				866B0C6F2AB7469400F28C46 /* DadokDadok */,
			);
		};
/* End PBXProject section */

/* Begin PBXResourcesBuildPhase section */
		866B0C6E2AB7469400F28C46 /* Resources */ = {
			isa = PBXResourcesBuildPhase;
			buildActionMask = 2147483647;
			files = (
				866B0C7B2AB7469500F28C46 /* Preview Assets.xcassets in Resources */,
				866B0C782AB7469500F28C46 /* Assets.xcassets in Resources */,
			);
			runOnlyForDeploymentPostprocessing = 0;
		};
/* End PBXResourcesBuildPhase section */

/* Begin PBXSourcesBuildPhase section */
		866B0C6C2AB7469400F28C46 /* Sources */ = {
			isa = PBXSourcesBuildPhase;
			buildActionMask = 2147483647;
			files = (
				869374192AF1EA29005684FF /* BookSearchView.swift in Sources */,
				86A5A4BF2C03544000E44BA0 /* WishStorageService.swift in Sources */,
				866B0C862AB7484800F28C46 /* BookReview.swift in Sources */,
				86A5A4BD2C0353C000E44BA0 /* ReviewStorageService.swift in Sources */,
				868E47C42BFBA4C2003C84B3 /* MainTabView.swift in Sources */,
				86883D792B0A447000905882 /* LibraryDetailViewModel.swift in Sources */,
				86EFFD8C2B413BA900FAB5FB /* Wish.swift in Sources */,
				8603637B2AF62A3700FC5480 /* NewReviewViewModel.swift in Sources */,
				86EFFD8E2B413F5E00FAB5FB /* WishCard.swift in Sources */,
				868E47BF2BFA08D6003C84B3 /* WishlistView.swift in Sources */,
				86A0D8DD2AB8200100042B5F /* BookReviewView.swift in Sources */,
				868E47C22BFB183A003C84B3 /* WishlistViewModel.swift in Sources */,
				86829F782B5A4ED400FF2160 /* Colors.swift in Sources */,
				869350AD2B049BA00021A098 /* Storage.swift in Sources */,
				8693742C2AF37EC9005684FF /* BookSearchRowView.swift in Sources */,
				869374252AF29FE7005684FF /* HTTPMethod.swift in Sources */,
				869350B42B049FBE0021A098 /* BookReviewViewModel.swift in Sources */,
				866B0C822AB7470900F28C46 /* LibraryView.swift in Sources */,
				86883D772B0A424200905882 /* LibraryDetailView.swift in Sources */,
				864488E22BF51C6500599951 /* BookCover.swift in Sources */,
				8628CB972C1CA096002148FD /* SearchBar.swift in Sources */,
				86EFFD942B4150BB00FAB5FB /* NewWishView.swift in Sources */,
				86B46F2B2B2F33B600C96FD3 /* Hide.swift in Sources */,
				86BE32F52B8F1C7900066316 /* NewWishViewModel.swift in Sources */,
				86A5A4BB2C03536300E44BA0 /* Services.swift in Sources */,
				866B0C8A2AB75DD700F28C46 /* BookCard.swift in Sources */,
				866B0C742AB7469400F28C46 /* DadokDadokApp.swift in Sources */,
				869374212AF29F7C005684FF /* Book.swift in Sources */,
				86A5A4B92C0352F100E44BA0 /* DIContainer.swift in Sources */,
				86A5A4D92C03A35B00E44BA0 /* ViewPicker.swift in Sources */,
				8693742A2AF2A072005684FF /* RequestAPI.swift in Sources */,
				86883D752B09F35200905882 /* LibraryViewModel.swift in Sources */,
				864A39B12AC9664E00F5EDFD /* NewReviewView.swift in Sources */,
			);
			runOnlyForDeploymentPostprocessing = 0;
		};
/* End PBXSourcesBuildPhase section */

/* Begin XCBuildConfiguration section */
		866B0C7C2AB7469500F28C46 /* Debug */ = {
			isa = XCBuildConfiguration;
			buildSettings = {
				ALWAYS_SEARCH_USER_PATHS = NO;
				CLANG_ANALYZER_LOCALIZABILITY_NONLOCALIZED = YES;
				CLANG_ANALYZER_NONNULL = YES;
				CLANG_ANALYZER_NUMBER_OBJECT_CONVERSION = YES_AGGRESSIVE;
				CLANG_CXX_LANGUAGE_STANDARD = "gnu++20";
				CLANG_ENABLE_MODULES = YES;
				CLANG_ENABLE_OBJC_ARC = YES;
				CLANG_ENABLE_OBJC_WEAK = YES;
				CLANG_WARN_BLOCK_CAPTURE_AUTORELEASING = YES;
				CLANG_WARN_BOOL_CONVERSION = YES;
				CLANG_WARN_COMMA = YES;
				CLANG_WARN_CONSTANT_CONVERSION = YES;
				CLANG_WARN_DEPRECATED_OBJC_IMPLEMENTATIONS = YES;
				CLANG_WARN_DIRECT_OBJC_ISA_USAGE = YES_ERROR;
				CLANG_WARN_DOCUMENTATION_COMMENTS = YES;
				CLANG_WARN_EMPTY_BODY = YES;
				CLANG_WARN_ENUM_CONVERSION = YES;
				CLANG_WARN_INFINITE_RECURSION = YES;
				CLANG_WARN_INT_CONVERSION = YES;
				CLANG_WARN_NON_LITERAL_NULL_CONVERSION = YES;
				CLANG_WARN_OBJC_IMPLICIT_RETAIN_SELF = YES;
				CLANG_WARN_OBJC_LITERAL_CONVERSION = YES;
				CLANG_WARN_OBJC_ROOT_CLASS = YES_ERROR;
				CLANG_WARN_QUOTED_INCLUDE_IN_FRAMEWORK_HEADER = YES;
				CLANG_WARN_RANGE_LOOP_ANALYSIS = YES;
				CLANG_WARN_STRICT_PROTOTYPES = YES;
				CLANG_WARN_SUSPICIOUS_MOVE = YES;
				CLANG_WARN_UNGUARDED_AVAILABILITY = YES_AGGRESSIVE;
				CLANG_WARN_UNREACHABLE_CODE = YES;
				CLANG_WARN__DUPLICATE_METHOD_MATCH = YES;
				COPY_PHASE_STRIP = NO;
				DEBUG_INFORMATION_FORMAT = dwarf;
				ENABLE_STRICT_OBJC_MSGSEND = YES;
				ENABLE_TESTABILITY = YES;
				ENABLE_USER_SCRIPT_SANDBOXING = YES;
				GCC_C_LANGUAGE_STANDARD = gnu11;
				GCC_DYNAMIC_NO_PIC = NO;
				GCC_NO_COMMON_BLOCKS = YES;
				GCC_OPTIMIZATION_LEVEL = 0;
				GCC_PREPROCESSOR_DEFINITIONS = (
					"DEBUG=1",
					"$(inherited)",
				);
				GCC_WARN_64_TO_32_BIT_CONVERSION = YES;
				GCC_WARN_ABOUT_RETURN_TYPE = YES_ERROR;
				GCC_WARN_UNDECLARED_SELECTOR = YES;
				GCC_WARN_UNINITIALIZED_AUTOS = YES_AGGRESSIVE;
				GCC_WARN_UNUSED_FUNCTION = YES;
				GCC_WARN_UNUSED_VARIABLE = YES;
				IPHONEOS_DEPLOYMENT_TARGET = 16.4;
				MTL_ENABLE_DEBUG_INFO = INCLUDE_SOURCE;
				MTL_FAST_MATH = YES;
				ONLY_ACTIVE_ARCH = YES;
				SDKROOT = iphoneos;
				SWIFT_ACTIVE_COMPILATION_CONDITIONS = DEBUG;
				SWIFT_OPTIMIZATION_LEVEL = "-Onone";
			};
			name = Debug;
		};
		866B0C7D2AB7469500F28C46 /* Release */ = {
			isa = XCBuildConfiguration;
			buildSettings = {
				ALWAYS_SEARCH_USER_PATHS = NO;
				CLANG_ANALYZER_LOCALIZABILITY_NONLOCALIZED = YES;
				CLANG_ANALYZER_NONNULL = YES;
				CLANG_ANALYZER_NUMBER_OBJECT_CONVERSION = YES_AGGRESSIVE;
				CLANG_CXX_LANGUAGE_STANDARD = "gnu++20";
				CLANG_ENABLE_MODULES = YES;
				CLANG_ENABLE_OBJC_ARC = YES;
				CLANG_ENABLE_OBJC_WEAK = YES;
				CLANG_WARN_BLOCK_CAPTURE_AUTORELEASING = YES;
				CLANG_WARN_BOOL_CONVERSION = YES;
				CLANG_WARN_COMMA = YES;
				CLANG_WARN_CONSTANT_CONVERSION = YES;
				CLANG_WARN_DEPRECATED_OBJC_IMPLEMENTATIONS = YES;
				CLANG_WARN_DIRECT_OBJC_ISA_USAGE = YES_ERROR;
				CLANG_WARN_DOCUMENTATION_COMMENTS = YES;
				CLANG_WARN_EMPTY_BODY = YES;
				CLANG_WARN_ENUM_CONVERSION = YES;
				CLANG_WARN_INFINITE_RECURSION = YES;
				CLANG_WARN_INT_CONVERSION = YES;
				CLANG_WARN_NON_LITERAL_NULL_CONVERSION = YES;
				CLANG_WARN_OBJC_IMPLICIT_RETAIN_SELF = YES;
				CLANG_WARN_OBJC_LITERAL_CONVERSION = YES;
				CLANG_WARN_OBJC_ROOT_CLASS = YES_ERROR;
				CLANG_WARN_QUOTED_INCLUDE_IN_FRAMEWORK_HEADER = YES;
				CLANG_WARN_RANGE_LOOP_ANALYSIS = YES;
				CLANG_WARN_STRICT_PROTOTYPES = YES;
				CLANG_WARN_SUSPICIOUS_MOVE = YES;
				CLANG_WARN_UNGUARDED_AVAILABILITY = YES_AGGRESSIVE;
				CLANG_WARN_UNREACHABLE_CODE = YES;
				CLANG_WARN__DUPLICATE_METHOD_MATCH = YES;
				COPY_PHASE_STRIP = NO;
				DEBUG_INFORMATION_FORMAT = "dwarf-with-dsym";
				ENABLE_NS_ASSERTIONS = NO;
				ENABLE_STRICT_OBJC_MSGSEND = YES;
				ENABLE_USER_SCRIPT_SANDBOXING = YES;
				GCC_C_LANGUAGE_STANDARD = gnu11;
				GCC_NO_COMMON_BLOCKS = YES;
				GCC_WARN_64_TO_32_BIT_CONVERSION = YES;
				GCC_WARN_ABOUT_RETURN_TYPE = YES_ERROR;
				GCC_WARN_UNDECLARED_SELECTOR = YES;
				GCC_WARN_UNINITIALIZED_AUTOS = YES_AGGRESSIVE;
				GCC_WARN_UNUSED_FUNCTION = YES;
				GCC_WARN_UNUSED_VARIABLE = YES;
				IPHONEOS_DEPLOYMENT_TARGET = 16.4;
				MTL_ENABLE_DEBUG_INFO = NO;
				MTL_FAST_MATH = YES;
				SDKROOT = iphoneos;
				SWIFT_COMPILATION_MODE = wholemodule;
				SWIFT_OPTIMIZATION_LEVEL = "-O";
				VALIDATE_PRODUCT = YES;
			};
			name = Release;
		};
		866B0C7F2AB7469500F28C46 /* Debug */ = {
			isa = XCBuildConfiguration;
			buildSettings = {
				ASSETCATALOG_COMPILER_APPICON_NAME = AppIcon;
				ASSETCATALOG_COMPILER_GLOBAL_ACCENT_COLOR_NAME = AccentColor;
				CODE_SIGN_STYLE = Automatic;
				CURRENT_PROJECT_VERSION = 1;
				DEVELOPMENT_ASSET_PATHS = "\"DadokDadok/Preview Content\"";
				DEVELOPMENT_TEAM = SC2M4P5Z8J;
				ENABLE_PREVIEWS = YES;
				GENERATE_INFOPLIST_FILE = YES;
				INFOPLIST_KEY_UIApplicationSceneManifest_Generation = YES;
				INFOPLIST_KEY_UIApplicationSupportsIndirectInputEvents = YES;
				INFOPLIST_KEY_UILaunchScreen_Generation = YES;
				INFOPLIST_KEY_UIRequiresFullScreen = YES;
				INFOPLIST_KEY_UISupportedInterfaceOrientations = UIInterfaceOrientationPortrait;
				LD_RUNPATH_SEARCH_PATHS = (
					"$(inherited)",
					"@executable_path/Frameworks",
				);
				MARKETING_VERSION = 1.0;
				PRODUCT_BUNDLE_IDENTIFIER = com.torinunna.DadokDadok;
				PRODUCT_NAME = "$(TARGET_NAME)";
				SWIFT_EMIT_LOC_STRINGS = YES;
				SWIFT_VERSION = 5.0;
				TARGETED_DEVICE_FAMILY = "1,2";
			};
			name = Debug;
		};
		866B0C802AB7469500F28C46 /* Release */ = {
			isa = XCBuildConfiguration;
			buildSettings = {
				ASSETCATALOG_COMPILER_APPICON_NAME = AppIcon;
				ASSETCATALOG_COMPILER_GLOBAL_ACCENT_COLOR_NAME = AccentColor;
				CODE_SIGN_STYLE = Automatic;
				CURRENT_PROJECT_VERSION = 1;
				DEVELOPMENT_ASSET_PATHS = "\"DadokDadok/Preview Content\"";
				DEVELOPMENT_TEAM = SC2M4P5Z8J;
				ENABLE_PREVIEWS = YES;
				GENERATE_INFOPLIST_FILE = YES;
				INFOPLIST_KEY_UIApplicationSceneManifest_Generation = YES;
				INFOPLIST_KEY_UIApplicationSupportsIndirectInputEvents = YES;
				INFOPLIST_KEY_UILaunchScreen_Generation = YES;
				INFOPLIST_KEY_UIRequiresFullScreen = YES;
				INFOPLIST_KEY_UISupportedInterfaceOrientations = UIInterfaceOrientationPortrait;
				LD_RUNPATH_SEARCH_PATHS = (
					"$(inherited)",
					"@executable_path/Frameworks",
				);
				MARKETING_VERSION = 1.0;
				PRODUCT_BUNDLE_IDENTIFIER = com.torinunna.DadokDadok;
				PRODUCT_NAME = "$(TARGET_NAME)";
				SWIFT_EMIT_LOC_STRINGS = YES;
				SWIFT_VERSION = 5.0;
				TARGETED_DEVICE_FAMILY = "1,2";
			};
			name = Release;
		};
/* End XCBuildConfiguration section */

/* Begin XCConfigurationList section */
		866B0C6B2AB7469400F28C46 /* Build configuration list for PBXProject "DadokDadok" */ = {
			isa = XCConfigurationList;
			buildConfigurations = (
				866B0C7C2AB7469500F28C46 /* Debug */,
				866B0C7D2AB7469500F28C46 /* Release */,
			);
			defaultConfigurationIsVisible = 0;
			defaultConfigurationName = Release;
		};
		866B0C7E2AB7469500F28C46 /* Build configuration list for PBXNativeTarget "DadokDadok" */ = {
			isa = XCConfigurationList;
			buildConfigurations = (
				866B0C7F2AB7469500F28C46 /* Debug */,
				866B0C802AB7469500F28C46 /* Release */,
			);
			defaultConfigurationIsVisible = 0;
			defaultConfigurationName = Release;
		};
/* End XCConfigurationList section */

/* Begin XCRemoteSwiftPackageReference section */
		869374262AF2A057005684FF /* XCRemoteSwiftPackageReference "Alamofire" */ = {
			isa = XCRemoteSwiftPackageReference;
			repositoryURL = "https://github.com/Alamofire/Alamofire.git";
			requirement = {
				kind = upToNextMajorVersion;
				minimumVersion = 5.0.0;
			};
		};
/* End XCRemoteSwiftPackageReference section */

/* Begin XCSwiftPackageProductDependency section */
		869374272AF2A057005684FF /* Alamofire */ = {
			isa = XCSwiftPackageProductDependency;
			package = 869374262AF2A057005684FF /* XCRemoteSwiftPackageReference "Alamofire" */;
			productName = Alamofire;
		};
/* End XCSwiftPackageProductDependency section */
	};
	rootObject = 866B0C682AB7469400F28C46 /* Project object */;
}
